
Microsoft Visual Studio Solution File, Format Version 12.00
# Visual Studio Version 17
VisualStudioVersion = 17.4.33213.308
MinimumVisualStudioVersion = 10.0.40219.1
Project("{FAE04EC0-301F-11D3-BF4B-00C04F79EFBC}") = "week6stringsandarrays", "week6stringsandarrays\week6stringsandarrays.csproj", "{56DF5764-365B-428E-AC85-857E9C0E6670}"
EndProject
Project("{FAE04EC0-301F-11D3-BF4B-00C04F79EFBC}") = "arrays", "arrays\arrays.csproj", "{459AFB0C-04CF-461F-8B26-11063E268E98}"
EndProject
Project("{FAE04EC0-301F-11D3-BF4B-00C04F79EFBC}") = "numberarrays", "numberarrays\numberarrays.csproj", "{A0D74A11-EFE8-4A60-AEFB-CEFF04600B3F}"
EndProject
Project("{FAE04EC0-301F-11D3-BF4B-00C04F79EFBC}") = "randomelement", "randomelement\randomelement.csproj", "{E88A11EB-05B9-451D-936D-7E77CACC7A64}"
EndProject
Global
	GlobalSection(SolutionConfigurationPlatforms) = preSolution
		Debug|Any CPU = Debug|Any CPU
		Release|Any CPU = Release|Any CPU
	EndGlobalSection
	GlobalSection(ProjectConfigurationPlatforms) = postSolution
		{56DF5764-365B-428E-AC85-857E9C0E6670}.Debug|Any CPU.ActiveCfg = Debug|Any CPU
		{56DF5764-365B-428E-AC85-857E9C0E6670}.Debug|Any CPU.Build.0 = Debug|Any CPU
		{56DF5764-365B-428E-AC85-857E9C0E6670}.Release|Any CPU.ActiveCfg = Release|Any CPU
		{56DF5764-365B-428E-AC85-857E9C0E6670}.Release|Any CPU.Build.0 = Release|Any CPU
		{459AFB0C-04CF-461F-8B26-11063E268E98}.Debug|Any CPU.ActiveCfg = Debug|Any CPU
		{459AFB0C-04CF-461F-8B26-11063E268E98}.Debug|Any CPU.Build.0 = Debug|Any CPU
		{459AFB0C-04CF-461F-8B26-11063E268E98}.Release|Any CPU.ActiveCfg = Release|Any CPU
		{459AFB0C-04CF-461F-8B26-11063E268E98}.Release|Any CPU.Build.0 = Release|Any CPU
		{A0D74A11-EFE8-4A60-AEFB-CEFF04600B3F}.Debug|Any CPU.ActiveCfg = Debug|Any CPU
		{A0D74A11-EFE8-4A60-AEFB-CEFF04600B3F}.Debug|Any CPU.Build.0 = Debug|Any CPU
		{A0D74A11-EFE8-4A60-AEFB-CEFF04600B3F}.Release|Any CPU.ActiveCfg = Release|Any CPU
		{A0D74A11-EFE8-4A60-AEFB-CEFF04600B3F}.Release|Any CPU.Build.0 = Release|Any CPU
		{E88A11EB-05B9-451D-936D-7E77CACC7A64}.Debug|Any CPU.ActiveCfg = Debug|Any CPU
		{E88A11EB-05B9-451D-936D-7E77CACC7A64}.Debug|Any CPU.Build.0 = Debug|Any CPU
		{E88A11EB-05B9-451D-936D-7E77CACC7A64}.Release|Any CPU.ActiveCfg = Release|Any CPU
		{E88A11EB-05B9-451D-936D-7E77CACC7A64}.Release|Any CPU.Build.0 = Release|Any CPU
	EndGlobalSection
	GlobalSection(SolutionProperties) = preSolution
		HideSolutionNode = FALSE
	EndGlobalSection
	GlobalSection(ExtensibilityGlobals) = postSolution
		SolutionGuid = {3F022FC4-75CD-47E6-A0A9-18D54A247D55}
	EndGlobalSection
EndGlobal
